// !$*UTF8*$!
{
	archiveVersion = 1;
	classes = {
	};
	objectVersion = 56;
	objects = {

/* Begin PBXBuildFile section */
		478D29D42A94EE7800C55E85 /* RockPaperScissorsAppApp.swift in Sources */ = {isa = PBXBuildFile; fileRef = 478D29D32A94EE7800C55E85 /* RockPaperScissorsAppApp.swift */; };
		478D29D62A94EE7800C55E85 /* ContentView.swift in Sources */ = {isa = PBXBuildFile; fileRef = 478D29D52A94EE7800C55E85 /* ContentView.swift */; };
		478D29D82A94EE7800C55E85 /* Assets.xcassets in Resources */ = {isa = PBXBuildFile; fileRef = 478D29D72A94EE7800C55E85 /* Assets.xcassets */; };
		478D29DB2A94EE7800C55E85 /* Preview Assets.xcassets in Resources */ = {isa = PBXBuildFile; fileRef = 478D29DA2A94EE7800C55E85 /* Preview Assets.xcassets */; };
		478D29E52A94EE7800C55E85 /* RockPaperScissorsAppTests.swift in Sources */ = {isa = PBXBuildFile; fileRef = 478D29E42A94EE7800C55E85 /* RockPaperScissorsAppTests.swift */; };
		478D29EF2A94EE7800C55E85 /* RockPaperScissorsAppUITests.swift in Sources */ = {isa = PBXBuildFile; fileRef = 478D29EE2A94EE7800C55E85 /* RockPaperScissorsAppUITests.swift */; };
		478D29F12A94EE7800C55E85 /* RockPaperScissorsAppUITestsLaunchTests.swift in Sources */ = {isa = PBXBuildFile; fileRef = 478D29F02A94EE7800C55E85 /* RockPaperScissorsAppUITestsLaunchTests.swift */; };
		478D29FE2A94EEA200C55E85 /* Extension.swift in Sources */ = {isa = PBXBuildFile; fileRef = 478D29FD2A94EEA200C55E85 /* Extension.swift */; };
/* End PBXBuildFile section */

/* Begin PBXContainerItemProxy section */
		478D29E12A94EE7800C55E85 /* PBXContainerItemProxy */ = {
			isa = PBXContainerItemProxy;
			containerPortal = 478D29C82A94EE7700C55E85 /* Project object */;
			proxyType = 1;
			remoteGlobalIDString = 478D29CF2A94EE7800C55E85;
			remoteInfo = RockPaperScissorsApp;
		};
		478D29EB2A94EE7800C55E85 /* PBXContainerItemProxy */ = {
			isa = PBXContainerItemProxy;
			containerPortal = 478D29C82A94EE7700C55E85 /* Project object */;
			proxyType = 1;
			remoteGlobalIDString = 478D29CF2A94EE7800C55E85;
			remoteInfo = RockPaperScissorsApp;
		};
/* End PBXContainerItemProxy section */

/* Begin PBXFileReference section */
		478D29D02A94EE7800C55E85 /* RockPaperScissorsApp.app */ = {isa = PBXFileReference; explicitFileType = wrapper.application; includeInIndex = 0; path = RockPaperScissorsApp.app; sourceTree = BUILT_PRODUCTS_DIR; };
		478D29D32A94EE7800C55E85 /* RockPaperScissorsAppApp.swift */ = {isa = PBXFileReference; lastKnownFileType = sourcecode.swift; path = RockPaperScissorsAppApp.swift; sourceTree = "<group>"; };
		478D29D52A94EE7800C55E85 /* ContentView.swift */ = {isa = PBXFileReference; lastKnownFileType = sourcecode.swift; path = ContentView.swift; sourceTree = "<group>"; };
		478D29D72A94EE7800C55E85 /* Assets.xcassets */ = {isa = PBXFileReference; lastKnownFileType = folder.assetcatalog; path = Assets.xcassets; sourceTree = "<group>"; };
		478D29DA2A94EE7800C55E85 /* Preview Assets.xcassets */ = {isa = PBXFileReference; lastKnownFileType = folder.assetcatalog; path = "Preview Assets.xcassets"; sourceTree = "<group>"; };
		478D29E02A94EE7800C55E85 /* RockPaperScissorsAppTests.xctest */ = {isa = PBXFileReference; explicitFileType = wrapper.cfbundle; includeInIndex = 0; path = RockPaperScissorsAppTests.xctest; sourceTree = BUILT_PRODUCTS_DIR; };
		478D29E42A94EE7800C55E85 /* RockPaperScissorsAppTests.swift */ = {isa = PBXFileReference; lastKnownFileType = sourcecode.swift; path = RockPaperScissorsAppTests.swift; sourceTree = "<group>"; };
		478D29EA2A94EE7800C55E85 /* RockPaperScissorsAppUITests.xctest */ = {isa = PBXFileReference; explicitFileType = wrapper.cfbundle; includeInIndex = 0; path = RockPaperScissorsAppUITests.xctest; sourceTree = BUILT_PRODUCTS_DIR; };
		478D29EE2A94EE7800C55E85 /* RockPaperScissorsAppUITests.swift */ = {isa = PBXFileReference; lastKnownFileType = sourcecode.swift; path = RockPaperScissorsAppUITests.swift; sourceTree = "<group>"; };
		478D29F02A94EE7800C55E85 /* RockPaperScissorsAppUITestsLaunchTests.swift */ = {isa = PBXFileReference; lastKnownFileType = sourcecode.swift; path = RockPaperScissorsAppUITestsLaunchTests.swift; sourceTree = "<group>"; };
		478D29FD2A94EEA200C55E85 /* Extension.swift */ = {isa = PBXFileReference; lastKnownFileType = sourcecode.swift; path = Extension.swift; sourceTree = "<group>"; };
/* End PBXFileReference section */

/* Begin PBXFrameworksBuildPhase section */
		478D29CD2A94EE7800C55E85 /* Frameworks */ = {
			isa = PBXFrameworksBuildPhase;
			buildActionMask = 2147483647;
			files = (
			);
			runOnlyForDeploymentPostprocessing = 0;
		};
		478D29DD2A94EE7800C55E85 /* Frameworks */ = {
			isa = PBXFrameworksBuildPhase;
			buildActionMask = 2147483647;
			files = (
			);
			runOnlyForDeploymentPostprocessing = 0;
		};
		478D29E72A94EE7800C55E85 /* Frameworks */ = {
			isa = PBXFrameworksBuildPhase;
			buildActionMask = 2147483647;
			files = (
			);
			runOnlyForDeploymentPostprocessing = 0;
		};
/* End PBXFrameworksBuildPhase section */

/* Begin PBXGroup section */
		478D29C72A94EE7700C55E85 = {
			isa = PBXGroup;
			children = (
				478D29D22A94EE7800C55E85 /* RockPaperScissorsApp */,
				478D29E32A94EE7800C55E85 /* RockPaperScissorsAppTests */,
				478D29ED2A94EE7800C55E85 /* RockPaperScissorsAppUITests */,
				478D29D12A94EE7800C55E85 /* Products */,
			);
			sourceTree = "<group>";
		};
		478D29D12A94EE7800C55E85 /* Products */ = {
			isa = PBXGroup;
			children = (
				478D29D02A94EE7800C55E85 /* RockPaperScissorsApp.app */,
				478D29E02A94EE7800C55E85 /* RockPaperScissorsAppTests.xctest */,
				478D29EA2A94EE7800C55E85 /* RockPaperScissorsAppUITests.xctest */,
			);
			name = Products;
			sourceTree = "<group>";
		};
		478D29D22A94EE7800C55E85 /* RockPaperScissorsApp */ = {
			isa = PBXGroup;
			children = (
				478D29D32A94EE7800C55E85 /* RockPaperScissorsAppApp.swift */,
				478D29D52A94EE7800C55E85 /* ContentView.swift */,
				478D29FD2A94EEA200C55E85 /* Extension.swift */,
				478D29D72A94EE7800C55E85 /* Assets.xcassets */,
				478D29D92A94EE7800C55E85 /* Preview Content */,
			);
			path = RockPaperScissorsApp;
			sourceTree = "<group>";
		};
		478D29D92A94EE7800C55E85 /* Preview Content */ = {
			isa = PBXGroup;
			children = (
				478D29DA2A94EE7800C55E85 /* Preview Assets.xcassets */,
			);
			path = "Preview Content";
			sourceTree = "<group>";
		};
		478D29E32A94EE7800C55E85 /* RockPaperScissorsAppTests */ = {
			isa = PBXGroup;
			children = (
				478D29E42A94EE7800C55E85 /* RockPaperScissorsAppTests.swift */,
			);
			path = RockPaperScissorsAppTests;
			sourceTree = "<group>";
		};
		478D29ED2A94EE7800C55E85 /* RockPaperScissorsAppUITests */ = {
			isa = PBXGroup;
			children = (
				478D29EE2A94EE7800C55E85 /* RockPaperScissorsAppUITests.swift */,
				478D29F02A94EE7800C55E85 /* RockPaperScissorsAppUITestsLaunchTests.swift */,
			);
			path = RockPaperScissorsAppUITests;
			sourceTree = "<group>";
		};
/* End PBXGroup section */

/* Begin PBXNativeTarget section */
		478D29CF2A94EE7800C55E85 /* RockPaperScissorsApp */ = {
			isa = PBXNativeTarget;
			buildConfigurationList = 478D29F42A94EE7800C55E85 /* Build configuration list for PBXNativeTarget "RockPaperScissorsApp" */;
			buildPhases = (
				478D29CC2A94EE7800C55E85 /* Sources */,
				478D29CD2A94EE7800C55E85 /* Frameworks */,
				478D29CE2A94EE7800C55E85 /* Resources */,
			);
			buildRules = (
			);
			dependencies = (
			);
			name = RockPaperScissorsApp;
			productName = RockPaperScissorsApp;
			productReference = 478D29D02A94EE7800C55E85 /* RockPaperScissorsApp.app */;
			productType = "com.apple.product-type.application";
		};
		478D29DF2A94EE7800C55E85 /* RockPaperScissorsAppTests */ = {
			isa = PBXNativeTarget;
			buildConfigurationList = 478D29F72A94EE7800C55E85 /* Build configuration list for PBXNativeTarget "RockPaperScissorsAppTests" */;
			buildPhases = (
				478D29DC2A94EE7800C55E85 /* Sources */,
				478D29DD2A94EE7800C55E85 /* Frameworks */,
				478D29DE2A94EE7800C55E85 /* Resources */,
			);
			buildRules = (
			);
			dependencies = (
				478D29E22A94EE7800C55E85 /* PBXTargetDependency */,
			);
			name = RockPaperScissorsAppTests;
			productName = RockPaperScissorsAppTests;
			productReference = 478D29E02A94EE7800C55E85 /* RockPaperScissorsAppTests.xctest */;
			productType = "com.apple.product-type.bundle.unit-test";
		};
		478D29E92A94EE7800C55E85 /* RockPaperScissorsAppUITests */ = {
			isa = PBXNativeTarget;
			buildConfigurationList = 478D29FA2A94EE7800C55E85 /* Build configuration list for PBXNativeTarget "RockPaperScissorsAppUITests" */;
			buildPhases = (
				478D29E62A94EE7800C55E85 /* Sources */,
				478D29E72A94EE7800C55E85 /* Frameworks */,
				478D29E82A94EE7800C55E85 /* Resources */,
			);
			buildRules = (
			);
			dependencies = (
				478D29EC2A94EE7800C55E85 /* PBXTargetDependency */,
			);
			name = RockPaperScissorsAppUITests;
			productName = RockPaperScissorsAppUITests;
			productReference = 478D29EA2A94EE7800C55E85 /* RockPaperScissorsAppUITests.xctest */;
			productType = "com.apple.product-type.bundle.ui-testing";
		};
/* End PBXNativeTarget section */

/* Begin PBXProject section */
		478D29C82A94EE7700C55E85 /* Project object */ = {
			isa = PBXProject;
			attributes = {
				BuildIndependentTargetsInParallel = 1;
				LastSwiftUpdateCheck = 1430;
				LastUpgradeCheck = 1430;
				TargetAttributes = {
					478D29CF2A94EE7800C55E85 = {
						CreatedOnToolsVersion = 14.3.1;
					};
					478D29DF2A94EE7800C55E85 = {
						CreatedOnToolsVersion = 14.3.1;
						TestTargetID = 478D29CF2A94EE7800C55E85;
					};
					478D29E92A94EE7800C55E85 = {
						CreatedOnToolsVersion = 14.3.1;
						TestTargetID = 478D29CF2A94EE7800C55E85;
					};
				};
			};
			buildConfigurationList = 478D29CB2A94EE7800C55E85 /* Build configuration list for PBXProject "RockPaperScissorsApp" */;
			compatibilityVersion = "Xcode 14.0";
			developmentRegion = en;
			hasScannedForEncodings = 0;
			knownRegions = (
				en,
				Base,
			);
			mainGroup = 478D29C72A94EE7700C55E85;
			productRefGroup = 478D29D12A94EE7800C55E85 /* Products */;
			projectDirPath = "";
			projectRoot = "";
			targets = (
				478D29CF2A94EE7800C55E85 /* RockPaperScissorsApp */,
				478D29DF2A94EE7800C55E85 /* RockPaperScissorsAppTests */,
				478D29E92A94EE7800C55E85 /* RockPaperScissorsAppUITests */,
			);
		};
/* End PBXProject section */

/* Begin PBXResourcesBuildPhase section */
		478D29CE2A94EE7800C55E85 /* Resources */ = {
			isa = PBXResourcesBuildPhase;
			buildActionMask = 2147483647;
			files = (
				478D29DB2A94EE7800C55E85 /* Preview Assets.xcassets in Resources */,
				478D29D82A94EE7800C55E85 /* Assets.xcassets in Resources */,
			);
			runOnlyForDeploymentPostprocessing = 0;
		};
		478D29DE2A94EE7800C55E85 /* Resources */ = {
			isa = PBXResourcesBuildPhase;
			buildActionMask = 2147483647;
			files = (
			);
			runOnlyForDeploymentPostprocessing = 0;
		};
		478D29E82A94EE7800C55E85 /* Resources */ = {
			isa = PBXResourcesBuildPhase;
			buildActionMask = 2147483647;
			files = (
			);
			runOnlyForDeploymentPostprocessing = 0;
		};
/* End PBXResourcesBuildPhase section */

/* Begin PBXSourcesBuildPhase section */
		478D29CC2A94EE7800C55E85 /* Sources */ = {
			isa = PBXSourcesBuildPhase;
			buildActionMask = 2147483647;
			files = (
				478D29FE2A94EEA200C55E85 /* Extension.swift in Sources */,
				478D29D62A94EE7800C55E85 /* ContentView.swift in Sources */,
				478D29D42A94EE7800C55E85 /* RockPaperScissorsAppApp.swift in Sources */,
			);
			runOnlyForDeploymentPostprocessing = 0;
		};
		478D29DC2A94EE7800C55E85 /* Sources */ = {
			isa = PBXSourcesBuildPhase;
			buildActionMask = 2147483647;
			files = (
				478D29E52A94EE7800C55E85 /* RockPaperScissorsAppTests.swift in Sources */,
			);
			runOnlyForDeploymentPostprocessing = 0;
		};
		478D29E62A94EE7800C55E85 /* Sources */ = {
			isa = PBXSourcesBuildPhase;
			buildActionMask = 2147483647;
			files = (
				478D29EF2A94EE7800C55E85 /* RockPaperScissorsAppUITests.swift in Sources */,
				478D29F12A94EE7800C55E85 /* RockPaperScissorsAppUITestsLaunchTests.swift in Sources */,
			);
			runOnlyForDeploymentPostprocessing = 0;
		};
/* End PBXSourcesBuildPhase section */

/* Begin PBXTargetDependency section */
		478D29E22A94EE7800C55E85 /* PBXTargetDependency */ = {
			isa = PBXTargetDependency;
			target = 478D29CF2A94EE7800C55E85 /* RockPaperScissorsApp */;
			targetProxy = 478D29E12A94EE7800C55E85 /* PBXContainerItemProxy */;
		};
		478D29EC2A94EE7800C55E85 /* PBXTargetDependency */ = {
			isa = PBXTargetDependency;
			target = 478D29CF2A94EE7800C55E85 /* RockPaperScissorsApp */;
			targetProxy = 478D29EB2A94EE7800C55E85 /* PBXContainerItemProxy */;
		};
/* End PBXTargetDependency section */

/* Begin XCBuildConfiguration section */
		478D29F22A94EE7800C55E85 /* Debug */ = {
			isa = XCBuildConfiguration;
			buildSettings = {
				ALWAYS_SEARCH_USER_PATHS = NO;
				CLANG_ANALYZER_NONNULL = YES;
				CLANG_ANALYZER_NUMBER_OBJECT_CONVERSION = YES_AGGRESSIVE;
				CLANG_CXX_LANGUAGE_STANDARD = "gnu++20";
				CLANG_ENABLE_MODULES = YES;
				CLANG_ENABLE_OBJC_ARC = YES;
				CLANG_ENABLE_OBJC_WEAK = YES;
				CLANG_WARN_BLOCK_CAPTURE_AUTORELEASING = YES;
				CLANG_WARN_BOOL_CONVERSION = YES;
				CLANG_WARN_COMMA = YES;
				CLANG_WARN_CONSTANT_CONVERSION = YES;
				CLANG_WARN_DEPRECATED_OBJC_IMPLEMENTATIONS = YES;
				CLANG_WARN_DIRECT_OBJC_ISA_USAGE = YES_ERROR;
				CLANG_WARN_DOCUMENTATION_COMMENTS = YES;
				CLANG_WARN_EMPTY_BODY = YES;
				CLANG_WARN_ENUM_CONVERSION = YES;
				CLANG_WARN_INFINITE_RECURSION = YES;
				CLANG_WARN_INT_CONVERSION = YES;
				CLANG_WARN_NON_LITERAL_NULL_CONVERSION = YES;
				CLANG_WARN_OBJC_IMPLICIT_RETAIN_SELF = YES;
				CLANG_WARN_OBJC_LITERAL_CONVERSION = YES;
				CLANG_WARN_OBJC_ROOT_CLASS = YES_ERROR;
				CLANG_WARN_QUOTED_INCLUDE_IN_FRAMEWORK_HEADER = YES;
				CLANG_WARN_RANGE_LOOP_ANALYSIS = YES;
				CLANG_WARN_STRICT_PROTOTYPES = YES;
				CLANG_WARN_SUSPICIOUS_MOVE = YES;
				CLANG_WARN_UNGUARDED_AVAILABILITY = YES_AGGRESSIVE;
				CLANG_WARN_UNREACHABLE_CODE = YES;
				CLANG_WARN__DUPLICATE_METHOD_MATCH = YES;
				COPY_PHASE_STRIP = NO;
				DEBUG_INFORMATION_FORMAT = dwarf;
				ENABLE_STRICT_OBJC_MSGSEND = YES;
				ENABLE_TESTABILITY = YES;
				GCC_C_LANGUAGE_STANDARD = gnu11;
				GCC_DYNAMIC_NO_PIC = NO;
				GCC_NO_COMMON_BLOCKS = YES;
				GCC_OPTIMIZATION_LEVEL = 0;
				GCC_PREPROCESSOR_DEFINITIONS = (
					"DEBUG=1",
					"$(inherited)",
				);
				GCC_WARN_64_TO_32_BIT_CONVERSION = YES;
				GCC_WARN_ABOUT_RETURN_TYPE = YES_ERROR;
				GCC_WARN_UNDECLARED_SELECTOR = YES;
				GCC_WARN_UNINITIALIZED_AUTOS = YES_AGGRESSIVE;
				GCC_WARN_UNUSED_FUNCTION = YES;
				GCC_WARN_UNUSED_VARIABLE = YES;
				IPHONEOS_DEPLOYMENT_TARGET = 16.4;
				MTL_ENABLE_DEBUG_INFO = INCLUDE_SOURCE;
				MTL_FAST_MATH = YES;
				ONLY_ACTIVE_ARCH = YES;
				SDKROOT = iphoneos;
				SWIFT_ACTIVE_COMPILATION_CONDITIONS = DEBUG;
				SWIFT_OPTIMIZATION_LEVEL = "-Onone";
			};
			name = Debug;
		};
		478D29F32A94EE7800C55E85 /* Release */ = {
			isa = XCBuildConfiguration;
			buildSettings = {
				ALWAYS_SEARCH_USER_PATHS = NO;
				CLANG_ANALYZER_NONNULL = YES;
				CLANG_ANALYZER_NUMBER_OBJECT_CONVERSION = YES_AGGRESSIVE;
				CLANG_CXX_LANGUAGE_STANDARD = "gnu++20";
				CLANG_ENABLE_MODULES = YES;
				CLANG_ENABLE_OBJC_ARC = YES;
				CLANG_ENABLE_OBJC_WEAK = YES;
				CLANG_WARN_BLOCK_CAPTURE_AUTORELEASING = YES;
				CLANG_WARN_BOOL_CONVERSION = YES;
				CLANG_WARN_COMMA = YES;
				CLANG_WARN_CONSTANT_CONVERSION = YES;
				CLANG_WARN_DEPRECATED_OBJC_IMPLEMENTATIONS = YES;
				CLANG_WARN_DIRECT_OBJC_ISA_USAGE = YES_ERROR;
				CLANG_WARN_DOCUMENTATION_COMMENTS = YES;
				CLANG_WARN_EMPTY_BODY = YES;
				CLANG_WARN_ENUM_CONVERSION = YES;
				CLANG_WARN_INFINITE_RECURSION = YES;
				CLANG_WARN_INT_CONVERSION = YES;
				CLANG_WARN_NON_LITERAL_NULL_CONVERSION = YES;
				CLANG_WARN_OBJC_IMPLICIT_RETAIN_SELF = YES;
				CLANG_WARN_OBJC_LITERAL_CONVERSION = YES;
				CLANG_WARN_OBJC_ROOT_CLASS = YES_ERROR;
				CLANG_WARN_QUOTED_INCLUDE_IN_FRAMEWORK_HEADER = YES;
				CLANG_WARN_RANGE_LOOP_ANALYSIS = YES;
				CLANG_WARN_STRICT_PROTOTYPES = YES;
				CLANG_WARN_SUSPICIOUS_MOVE = YES;
				CLANG_WARN_UNGUARDED_AVAILABILITY = YES_AGGRESSIVE;
				CLANG_WARN_UNREACHABLE_CODE = YES;
				CLANG_WARN__DUPLICATE_METHOD_MATCH = YES;
				COPY_PHASE_STRIP = NO;
				DEBUG_INFORMATION_FORMAT = "dwarf-with-dsym";
				ENABLE_NS_ASSERTIONS = NO;
				ENABLE_STRICT_OBJC_MSGSEND = YES;
				GCC_C_LANGUAGE_STANDARD = gnu11;
				GCC_NO_COMMON_BLOCKS = YES;
				GCC_WARN_64_TO_32_BIT_CONVERSION = YES;
				GCC_WARN_ABOUT_RETURN_TYPE = YES_ERROR;
				GCC_WARN_UNDECLARED_SELECTOR = YES;
				GCC_WARN_UNINITIALIZED_AUTOS = YES_AGGRESSIVE;
				GCC_WARN_UNUSED_FUNCTION = YES;
				GCC_WARN_UNUSED_VARIABLE = YES;
				IPHONEOS_DEPLOYMENT_TARGET = 16.4;
				MTL_ENABLE_DEBUG_INFO = NO;
				MTL_FAST_MATH = YES;
				SDKROOT = iphoneos;
				SWIFT_COMPILATION_MODE = wholemodule;
				SWIFT_OPTIMIZATION_LEVEL = "-O";
				VALIDATE_PRODUCT = YES;
			};
			name = Release;
		};
		478D29F52A94EE7800C55E85 /* Debug */ = {
			isa = XCBuildConfiguration;
			buildSettings = {
				ASSETCATALOG_COMPILER_APPICON_NAME = AppIcon;
				ASSETCATALOG_COMPILER_GLOBAL_ACCENT_COLOR_NAME = AccentColor;
				CODE_SIGN_STYLE = Automatic;
				CURRENT_PROJECT_VERSION = 1;
				DEVELOPMENT_ASSET_PATHS = "\"RockPaperScissorsApp/Preview Content\"";
				ENABLE_PREVIEWS = YES;
				GENERATE_INFOPLIST_FILE = YES;
				INFOPLIST_KEY_UIApplicationSceneManifest_Generation = YES;
				INFOPLIST_KEY_UIApplicationSupportsIndirectInputEvents = YES;
				INFOPLIST_KEY_UILaunchScreen_Generation = YES;
				INFOPLIST_KEY_UISupportedInterfaceOrientations_iPad = "UIInterfaceOrientationPortrait UIInterfaceOrientationPortraitUpsideDown UIInterfaceOrientationLandscapeLeft UIInterfaceOrientationLandscapeRight";
				INFOPLIST_KEY_UISupportedInterfaceOrientations_iPhone = "UIInterfaceOrientationPortrait UIInterfaceOrientationLandscapeLeft UIInterfaceOrientationLandscapeRight";
				LD_RUNPATH_SEARCH_PATHS = (
					"$(inherited)",
					"@executable_path/Frameworks",
				);
				MARKETING_VERSION = 1.0;
				PRODUCT_BUNDLE_IDENTIFIER = yasar.RockPaperScissorsApp;
				PRODUCT_NAME = "$(TARGET_NAME)";
				SWIFT_EMIT_LOC_STRINGS = YES;
				SWIFT_VERSION = 5.0;
				TARGETED_DEVICE_FAMILY = "1,2";
			};
			name = Debug;
		};
		478D29F62A94EE7800C55E85 /* Release */ = {
			isa = XCBuildConfiguration;
			buildSettings = {
				ASSETCATALOG_COMPILER_APPICON_NAME = AppIcon;
				ASSETCATALOG_COMPILER_GLOBAL_ACCENT_COLOR_NAME = AccentColor;
				CODE_SIGN_STYLE = Automatic;
				CURRENT_PROJECT_VERSION = 1;
				DEVELOPMENT_ASSET_PATHS = "\"RockPaperScissorsApp/Preview Content\"";
				ENABLE_PREVIEWS = YES;
				GENERATE_INFOPLIST_FILE = YES;
				INFOPLIST_KEY_UIApplicationSceneManifest_Generation = YES;
				INFOPLIST_KEY_UIApplicationSupportsIndirectInputEvents = YES;
				INFOPLIST_KEY_UILaunchScreen_Generation = YES;
				INFOPLIST_KEY_UISupportedInterfaceOrientations_iPad = "UIInterfaceOrientationPortrait UIInterfaceOrientationPortraitUpsideDown UIInterfaceOrientationLandscapeLeft UIInterfaceOrientationLandscapeRight";
				INFOPLIST_KEY_UISupportedInterfaceOrientations_iPhone = "UIInterfaceOrientationPortrait UIInterfaceOrientationLandscapeLeft UIInterfaceOrientationLandscapeRight";
				LD_RUNPATH_SEARCH_PATHS = (
					"$(inherited)",
					"@executable_path/Frameworks",
				);
				MARKETING_VERSION = 1.0;
				PRODUCT_BUNDLE_IDENTIFIER = yasar.RockPaperScissorsApp;
				PRODUCT_NAME = "$(TARGET_NAME)";
				SWIFT_EMIT_LOC_STRINGS = YES;
				SWIFT_VERSION = 5.0;
				TARGETED_DEVICE_FAMILY = "1,2";
			};
			name = Release;
		};
		478D29F82A94EE7800C55E85 /* Debug */ = {
			isa = XCBuildConfiguration;
			buildSettings = {
				ALWAYS_EMBED_SWIFT_STANDARD_LIBRARIES = YES;
				BUNDLE_LOADER = "$(TEST_HOST)";
				CODE_SIGN_STYLE = Automatic;
				CURRENT_PROJECT_VERSION = 1;
				GENERATE_INFOPLIST_FILE = YES;
				IPHONEOS_DEPLOYMENT_TARGET = 16.4;
				MARKETING_VERSION = 1.0;
				PRODUCT_BUNDLE_IDENTIFIER = yasar.RockPaperScissorsAppTests;
				PRODUCT_NAME = "$(TARGET_NAME)";
				SWIFT_EMIT_LOC_STRINGS = NO;
				SWIFT_VERSION = 5.0;
				TARGETED_DEVICE_FAMILY = "1,2";
				TEST_HOST = "$(BUILT_PRODUCTS_DIR)/RockPaperScissorsApp.app/$(BUNDLE_EXECUTABLE_FOLDER_PATH)/RockPaperScissorsApp";
			};
			name = Debug;
		};
		478D29F92A94EE7800C55E85 /* Release */ = {
			isa = XCBuildConfiguration;
			buildSettings = {
				ALWAYS_EMBED_SWIFT_STANDARD_LIBRARIES = YES;
				BUNDLE_LOADER = "$(TEST_HOST)";
				CODE_SIGN_STYLE = Automatic;
				CURRENT_PROJECT_VERSION = 1;
				GENERATE_INFOPLIST_FILE = YES;
				IPHONEOS_DEPLOYMENT_TARGET = 16.4;
				MARKETING_VERSION = 1.0;
				PRODUCT_BUNDLE_IDENTIFIER = yasar.RockPaperScissorsAppTests;
				PRODUCT_NAME = "$(TARGET_NAME)";
				SWIFT_EMIT_LOC_STRINGS = NO;
				SWIFT_VERSION = 5.0;
				TARGETED_DEVICE_FAMILY = "1,2";
				TEST_HOST = "$(BUILT_PRODUCTS_DIR)/RockPaperScissorsApp.app/$(BUNDLE_EXECUTABLE_FOLDER_PATH)/RockPaperScissorsApp";
			};
			name = Release;
		};
		478D29FB2A94EE7800C55E85 /* Debug */ = {
			isa = XCBuildConfiguration;
			buildSettings = {
				ALWAYS_EMBED_SWIFT_STANDARD_LIBRARIES = YES;
				CODE_SIGN_STYLE = Automatic;
				CURRENT_PROJECT_VERSION = 1;
				GENERATE_INFOPLIST_FILE = YES;
				MARKETING_VERSION = 1.0;
				PRODUCT_BUNDLE_IDENTIFIER = yasar.RockPaperScissorsAppUITests;
				PRODUCT_NAME = "$(TARGET_NAME)";
				SWIFT_EMIT_LOC_STRINGS = NO;
				SWIFT_VERSION = 5.0;
				TARGETED_DEVICE_FAMILY = "1,2";
				TEST_TARGET_NAME = RockPaperScissorsApp;
			};
			name = Debug;
		};
		478D29FC2A94EE7800C55E85 /* Release */ = {
			isa = XCBuildConfiguration;
			buildSettings = {
				ALWAYS_EMBED_SWIFT_STANDARD_LIBRARIES = YES;
				CODE_SIGN_STYLE = Automatic;
				CURRENT_PROJECT_VERSION = 1;
				GENERATE_INFOPLIST_FILE = YES;
				MARKETING_VERSION = 1.0;
				PRODUCT_BUNDLE_IDENTIFIER = yasar.RockPaperScissorsAppUITests;
				PRODUCT_NAME = "$(TARGET_NAME)";
				SWIFT_EMIT_LOC_STRINGS = NO;
				SWIFT_VERSION = 5.0;
				TARGETED_DEVICE_FAMILY = "1,2";
				TEST_TARGET_NAME = RockPaperScissorsApp;
			};
			name = Release;
		};
/* End XCBuildConfiguration section */

/* Begin XCConfigurationList section */
		478D29CB2A94EE7800C55E85 /* Build configuration list for PBXProject "RockPaperScissorsApp" */ = {
			isa = XCConfigurationList;
			buildConfigurations = (
				478D29F22A94EE7800C55E85 /* Debug */,
				478D29F32A94EE7800C55E85 /* Release */,
			);
			defaultConfigurationIsVisible = 0;
			defaultConfigurationName = Release;
		};
		478D29F42A94EE7800C55E85 /* Build configuration list for PBXNativeTarget "RockPaperScissorsApp" */ = {
			isa = XCConfigurationList;
			buildConfigurations = (
				478D29F52A94EE7800C55E85 /* Debug */,
				478D29F62A94EE7800C55E85 /* Release */,
			);
			defaultConfigurationIsVisible = 0;
			defaultConfigurationName = Release;
		};
		478D29F72A94EE7800C55E85 /* Build configuration list for PBXNativeTarget "RockPaperScissorsAppTests" */ = {
			isa = XCConfigurationList;
			buildConfigurations = (
				478D29F82A94EE7800C55E85 /* Debug */,
				478D29F92A94EE7800C55E85 /* Release */,
			);
			defaultConfigurationIsVisible = 0;
			defaultConfigurationName = Release;
		};
		478D29FA2A94EE7800C55E85 /* Build configuration list for PBXNativeTarget "RockPaperScissorsAppUITests" */ = {
			isa = XCConfigurationList;
			buildConfigurations = (
				478D29FB2A94EE7800C55E85 /* Debug */,
				478D29FC2A94EE7800C55E85 /* Release */,
			);
			defaultConfigurationIsVisible = 0;
			defaultConfigurationName = Release;
		};
/* End XCConfigurationList section */
	};
	rootObject = 478D29C82A94EE7700C55E85 /* Project object */;
}
